<?xml version="1.0" encoding="utf-8"?>
<Project ToolsVersion="4.0" xmlns="http://schemas.microsoft.com/developer/msbuild/2003">
  <ItemGroup>
    <Filter Include="Source Files">
      <UniqueIdentifier>{4FC737F1-C7A5-4376-A066-2A32D752A2FF}</UniqueIdentifier>
      <Extensions>cpp;c;cc;cxx;c++;cppm;ixx;def;odl;idl;hpj;bat;asm;asmx</Extensions>
    </Filter>
    <Filter Include="Header Files">
      <UniqueIdentifier>{93995380-89BD-4b04-88EB-625FBE52EBFB}</UniqueIdentifier>
      <Extensions>h;hh;hpp;hxx;h++;hm;inl;inc;ipp;xsd</Extensions>
    </Filter>
    <Filter Include="Resource Files">
      <UniqueIdentifier>{67DA6AB6-F800-4c08-8B7A-83BB121AAD01}</UniqueIdentifier>
      <Extensions>rc;ico;cur;bmp;dlg;rc2;rct;bin;rgs;gif;jpg;jpeg;jpe;resx;tiff;tif;png;wav;mfcribbon-ms</Extensions>
    </Filter>
    <Filter Include="Source Files\Menus">
      <UniqueIdentifier>{9a392880-dd2b-477c-9523-14b0537b050d}</UniqueIdentifier>
    </Filter>
    <Filter Include="Source Files\Archieved">
      <UniqueIdentifier>{061f7761-f270-4703-b988-bdd1bbfcbe14}</UniqueIdentifier>
    </Filter>
    <Filter Include="Source Files\Cards">
      <UniqueIdentifier>{63d7b92b-432f-4d46-89f1-74806629a36e}</UniqueIdentifier>
    </Filter>
    <Filter Include="Source Files\SingleUse">
      <UniqueIdentifier>{9fe22e6a-d726-4d80-b4ee-0aa32d4113cf}</UniqueIdentifier>
    </Filter>
    <Filter Include="Header Files\Archived">
      <UniqueIdentifier>{cf6ea3df-4ba9-432d-9d6e-592a2d258cf6}</UniqueIdentifier>
    </Filter>
    <Filter Include="Header Files\Cards">
      <UniqueIdentifier>{f5217ed8-668b-4b9b-81bd-92e2d945da50}</UniqueIdentifier>
    </Filter>
    <Filter Include="Header Files\Menus">
      <UniqueIdentifier>{fd73634c-299f-4258-befa-cec26e9047a4}</UniqueIdentifier>
    </Filter>
    <Filter Include="Header Files\SingleUse">
      <UniqueIdentifier>{927b8615-5c2e-4f63-9174-f26d1600bc48}</UniqueIdentifier>
    </Filter>
    <Filter Include="Source Files\Quests">
      <UniqueIdentifier>{b7504f2b-61c5-4552-9e54-56072c308afc}</UniqueIdentifier>
    </Filter>
    <Filter Include="Header Files\Quests">
      <UniqueIdentifier>{6400f46a-8caa-48de-94d4-87c2a0f73465}</UniqueIdentifier>
    </Filter>
    <Filter Include="Source Files\Utility">
      <UniqueIdentifier>{f75f2d55-b7dc-4c6a-97f5-39ade3d3c2a3}</UniqueIdentifier>
    </Filter>
    <Filter Include="Header Files\Utility">
      <UniqueIdentifier>{035392e1-5cf1-452a-9051-bb961067f178}</UniqueIdentifier>
    </Filter>
  </ItemGroup>
  <ItemGroup>
    <ClCompile Include="BaseGameMode.cpp">
      <Filter>Source Files</Filter>
    </ClCompile>
    <ClCompile Include="CardHolder.cpp">
      <Filter>Source Files</Filter>
    </ClCompile>
    <ClCompile Include="CombatLoopUsingVector.cpp">
      <Filter>Source Files</Filter>
    </ClCompile>
    <ClCompile Include="Broadcaster.cpp">
      <Filter>Source Files</Filter>
    </ClCompile>
    <ClCompile Include="MainMenu.cpp">
      <Filter>Source Files\Menus</Filter>
    </ClCompile>
    <ClCompile Include="Menus.cpp">
      <Filter>Source Files\Menus</Filter>
    </ClCompile>
    <ClCompile Include="Player1WinsMenu.cpp">
      <Filter>Source Files\Menus</Filter>
    </ClCompile>
    <ClCompile Include="Player2WinsMenu.cpp">
      <Filter>Source Files\Menus</Filter>
    </ClCompile>
    <ClCompile Include="PreCombatMenu.cpp">
      <Filter>Source Files\Menus</Filter>
    </ClCompile>
    <ClCompile Include="InitiateCombatMenu.cpp">
      <Filter>Source Files\Menus</Filter>
    </ClCompile>
    <ClCompile Include="CombatDrawMenu.cpp">
      <Filter>Source Files\Menus</Filter>
    </ClCompile>
    <ClCompile Include="CombatLoop.cpp">
      <Filter>Source Files\Archieved</Filter>
    </ClCompile>
    <ClCompile Include="LLNodeOperations.cpp">
      <Filter>Source Files\Archieved</Filter>
    </ClCompile>
    <ClCompile Include="Node.cpp">
      <Filter>Source Files\Archieved</Filter>
    </ClCompile>
    <ClCompile Include="VanillaCards.cpp">
      <Filter>Source Files\Cards</Filter>
    </ClCompile>
    <ClCompile Include="SniperCard.cpp">
      <Filter>Source Files\Cards</Filter>
    </ClCompile>
    <ClCompile Include="Source.cpp">
      <Filter>Source Files\SingleUse</Filter>
    </ClCompile>
    <ClCompile Include="Renderer.cpp">
      <Filter>Source Files\SingleUse</Filter>
    </ClCompile>
    <ClCompile Include="FStreamExtractor.cpp">
      <Filter>Source Files\SingleUse</Filter>
    </ClCompile>
    <ClCompile Include="Listener.cpp">
      <Filter>Source Files</Filter>
    </ClCompile>
    <ClCompile Include="QuestsBaseClass.cpp">
      <Filter>Source Files\Quests</Filter>
    </ClCompile>
    <ClCompile Include="DefeatCardsQuest.cpp">
      <Filter>Source Files\Quests</Filter>
    </ClCompile>
    <ClCompile Include="DeckBuilderMenu.cpp">
      <Filter>Source Files\Menus</Filter>
    </ClCompile>
    <ClCompile Include="CombatDataHandler.cpp">
      <Filter>Source Files\Utility</Filter>
    </ClCompile>
    <ClCompile Include="CardFactory.cpp">
      <Filter>Source Files\Utility</Filter>
    </ClCompile>
    <ClCompile Include="OnDeathCards.cpp">
      <Filter>Source Files\Cards</Filter>
    </ClCompile>
  </ItemGroup>
  <ItemGroup>
    <ClInclude Include="BaseGameMode.h">
      <Filter>Header Files</Filter>
    </ClInclude>
    <ClInclude Include="resource.h">
      <Filter>Header Files</Filter>
    </ClInclude>
    <ClInclude Include="CardHolder.h">
      <Filter>Header Files</Filter>
    </ClInclude>
    <ClInclude Include="Broadcaster.h">
      <Filter>Header Files</Filter>
    </ClInclude>
    <ClInclude Include="Listener.h">
      <Filter>Header Files</Filter>
    </ClInclude>
    <ClInclude Include="CombatDrawMenu.h">
      <Filter>Header Files\Menus</Filter>
    </ClInclude>
    <ClInclude Include="FStreamExtractor.h">
      <Filter>Header Files\SingleUse</Filter>
    </ClInclude>
    <ClInclude Include="InitiateCombatMenu.h">
      <Filter>Header Files\Menus</Filter>
    </ClInclude>
    <ClInclude Include="LLNodeOperations.h">
      <Filter>Header Files\Archived</Filter>
    </ClInclude>
    <ClInclude Include="MainMenu.h">
      <Filter>Header Files\Menus</Filter>
    </ClInclude>
    <ClInclude Include="Menus.h">
      <Filter>Header Files\Menus</Filter>
    </ClInclude>
    <ClInclude Include="Node.h">
      <Filter>Header Files\Archived</Filter>
    </ClInclude>
    <ClInclude Include="Player1WinsMenu.h">
      <Filter>Header Files\Menus</Filter>
    </ClInclude>
    <ClInclude Include="Player2WinsMenu.h">
      <Filter>Header Files\Menus</Filter>
    </ClInclude>
    <ClInclude Include="PreCombatMenu.h">
      <Filter>Header Files\Menus</Filter>
    </ClInclude>
    <ClInclude Include="Renderer.h">
      <Filter>Header Files\SingleUse</Filter>
    </ClInclude>
    <ClInclude Include="SniperCard.h">
      <Filter>Header Files\Cards</Filter>
    </ClInclude>
    <ClInclude Include="VanillaCards.h">
      <Filter>Header Files\Cards</Filter>
    </ClInclude>
    <ClInclude Include="CombatLoop.h">
      <Filter>Header Files\Archived</Filter>
    </ClInclude>
    <ClInclude Include="QuestsBaseClass.h">
      <Filter>Header Files\Quests</Filter>
    </ClInclude>
    <ClInclude Include="DefeatCardsQuest.h">
      <Filter>Header Files\Quests</Filter>
    </ClInclude>
    <ClInclude Include="DeckBuilderMenu.h">
      <Filter>Header Files\Menus</Filter>
    </ClInclude>
    <ClInclude Include="CombatDataHandler.h">
      <Filter>Header Files\Utility</Filter>
    </ClInclude>
    <ClInclude Include="CardFactory.h">
      <Filter>Header Files\Utility</Filter>
    </ClInclude>
    <ClInclude Include="OnDeathCards.h">
      <Filter>Header Files\Cards</Filter>
    </ClInclude>
    <ClInclude Include="CombatLoopUsingVector.h">
      <Filter>Header Files\Utility</Filter>
    </ClInclude>
  </ItemGroup>
  <ItemGroup>
    <Text Include="CardInfo.txt">
      <Filter>Source Files</Filter>
    </Text>
  </ItemGroup>
  <ItemGroup>
    <ResourceCompile Include="AutoBattlerGame.rc">
      <Filter>Resource Files</Filter>
    </ResourceCompile>
  </ItemGroup>
</Project>